schema: '2.0'
stages:
  prepare:
    cmd: python -m streamly.pipeline.prepare
    deps:
    - path: data/raw/streamly_churn_sample.parquet
      hash: md5
      md5: 275ac17edd883e88de83ee71589d2b92
      size: 136614
    - path: src/streamly/config.py
      hash: md5
      md5: 823d51a916bff11c8dd736f895236381
      size: 5671
    - path: src/streamly/data/validation.py
      hash: md5
      md5: 6b65f33af3c24702b0ed3095fb52e18a
      size: 7178
    - path: src/streamly/pipeline/prepare.py
      hash: md5
      md5: e0d005ac01eaf822ea5b78fcf0f2cf0f
      size: 2253
    params:
      params.yaml:
        prepare.random_state: 42
        prepare.test_size: 0.2
    outs:
    - path: data/processed/test.parquet
      hash: md5
      md5: 34d3be74196d66576ddab66346da2f9c
      size: 36800
    - path: data/processed/train.parquet
      hash: md5
      md5: bf50285fcdea595ecae43a7f53dc507b
      size: 112264
  train:
    cmd: python -m streamly.pipeline.train
    deps:
    - path: data/processed/train.parquet
      hash: md5
      md5: bf50285fcdea595ecae43a7f53dc507b
      size: 112264
    - path: src/streamly/config.py
      hash: md5
      md5: 823d51a916bff11c8dd736f895236381
      size: 5671
    - path: src/streamly/features/builder.py
      hash: md5
      md5: 02924a4604aa3291b18d2146565d0724
      size: 4833
    - path: src/streamly/models/baseline.py
      hash: md5
      md5: d7d6e870d7552baa0c30ba37bb29c5c4
      size: 8161
    - path: src/streamly/pipeline/train.py
      hash: md5
      md5: 20a934a2ee244293eced36f13b51fd46
      size: 2291
    params:
      params.yaml:
        train.learning_rate: 0.05
        train.max_depth: 4
        train.max_iter: 1000
        train.min_samples_leaf: 10
        train.model_type: logistic_regression
        train.n_estimators: 100
        train.random_state: 42
        train.solver: lbfgs
    outs:
    - path: models/baseline_model.joblib
      hash: md5
      md5: 9133764b5d2c721e412bf898b49c24cf
      size: 2033
  evaluate:
    cmd: python -m streamly.pipeline.evaluate
    deps:
    - path: data/processed/test.parquet
      hash: md5
      md5: 34d3be74196d66576ddab66346da2f9c
      size: 36800
    - path: models/baseline_model.joblib
      hash: md5
      md5: 9133764b5d2c721e412bf898b49c24cf
      size: 2033
    - path: src/streamly/config.py
      hash: md5
      md5: 823d51a916bff11c8dd736f895236381
      size: 5671
    - path: src/streamly/features/builder.py
      hash: md5
      md5: 02924a4604aa3291b18d2146565d0724
      size: 4833
    - path: src/streamly/models/evaluation.py
      hash: md5
      md5: 5b3f9f29610aea96700e4c1fe5c7e9f4
      size: 3466
    - path: src/streamly/pipeline/evaluate.py
      hash: md5
      md5: 75c9cdf968b8a3e33fbcb26c10ac1112
      size: 2506
    params:
      params.yaml:
        evaluate.target_recall: 0.6
        evaluate.threshold: 0.5
    outs:
    - path: metrics.json
      hash: md5
      md5: 305c24f0383025420547f0d8bf876edf
      size: 323
